// !$*UTF8*$!
{
	archiveVersion = 1;
	classes = {
	};
	objectVersion = 56;
	objects = {

/* Begin PBXBuildFile section */
		D140D8E72B16B20200585AE7 /* CustomTF.swift in Sources */ = {isa = PBXBuildFile; fileRef = D140D8E62B16B20200585AE7 /* CustomTF.swift */; };
		D140D8E92B16B23700585AE7 /* textFieldErrorType.swift in Sources */ = {isa = PBXBuildFile; fileRef = D140D8E82B16B23700585AE7 /* textFieldErrorType.swift */; };
		D140D8EB2B16B30200585AE7 /* RxBlocking in Frameworks */ = {isa = PBXBuildFile; productRef = D140D8EA2B16B30200585AE7 /* RxBlocking */; };
		D140D8ED2B16B30200585AE7 /* RxBlocking-Dynamic in Frameworks */ = {isa = PBXBuildFile; productRef = D140D8EC2B16B30200585AE7 /* RxBlocking-Dynamic */; };
		D140D8EF2B16B30200585AE7 /* RxCocoa in Frameworks */ = {isa = PBXBuildFile; productRef = D140D8EE2B16B30200585AE7 /* RxCocoa */; };
		D140D8F12B16B30200585AE7 /* RxCocoa-Dynamic in Frameworks */ = {isa = PBXBuildFile; productRef = D140D8F02B16B30200585AE7 /* RxCocoa-Dynamic */; };
		D140D8F32B16B30200585AE7 /* RxRelay in Frameworks */ = {isa = PBXBuildFile; productRef = D140D8F22B16B30200585AE7 /* RxRelay */; };
		D140D8F52B16B72A00585AE7 /* SnapKit in Frameworks */ = {isa = PBXBuildFile; productRef = D140D8F42B16B72A00585AE7 /* SnapKit */; };
		D140D8F72B16B72A00585AE7 /* SnapKit-Dynamic in Frameworks */ = {isa = PBXBuildFile; productRef = D140D8F62B16B72A00585AE7 /* SnapKit-Dynamic */; };
		D140D8F92B16B73D00585AE7 /* Then in Frameworks */ = {isa = PBXBuildFile; productRef = D140D8F82B16B73D00585AE7 /* Then */; };
		D140D8FD2B18229300585AE7 /* StopWatchViewModel.swift in Sources */ = {isa = PBXBuildFile; fileRef = D140D8FC2B18229300585AE7 /* StopWatchViewModel.swift */; };
		D140D9002B18259300585AE7 /* BaseViewController.swift in Sources */ = {isa = PBXBuildFile; fileRef = D140D8FF2B18259300585AE7 /* BaseViewController.swift */; };
		D140D9022B1826B600585AE7 /* MinGaGymKitStopWatch.swift in Sources */ = {isa = PBXBuildFile; fileRef = D140D9012B1826B600585AE7 /* MinGaGymKitStopWatch.swift */; };
		D17FE9A82B16203800B8DC1F /* AppDelegate.swift in Sources */ = {isa = PBXBuildFile; fileRef = D17FE9A72B16203800B8DC1F /* AppDelegate.swift */; };
		D17FE9AA2B16203800B8DC1F /* SceneDelegate.swift in Sources */ = {isa = PBXBuildFile; fileRef = D17FE9A92B16203800B8DC1F /* SceneDelegate.swift */; };
		D17FE9AC2B16203800B8DC1F /* StopWatchViewController.swift in Sources */ = {isa = PBXBuildFile; fileRef = D17FE9AB2B16203800B8DC1F /* StopWatchViewController.swift */; };
		D17FE9B12B16203A00B8DC1F /* Assets.xcassets in Resources */ = {isa = PBXBuildFile; fileRef = D17FE9B02B16203A00B8DC1F /* Assets.xcassets */; };
		D17FE9B42B16203A00B8DC1F /* LaunchScreen.storyboard in Resources */ = {isa = PBXBuildFile; fileRef = D17FE9B22B16203A00B8DC1F /* LaunchScreen.storyboard */; };
/* End PBXBuildFile section */

/* Begin PBXFileReference section */
		D140D8E62B16B20200585AE7 /* CustomTF.swift */ = {isa = PBXFileReference; lastKnownFileType = sourcecode.swift; path = CustomTF.swift; sourceTree = "<group>"; };
		D140D8E82B16B23700585AE7 /* textFieldErrorType.swift */ = {isa = PBXFileReference; lastKnownFileType = sourcecode.swift; path = textFieldErrorType.swift; sourceTree = "<group>"; };
		D140D8FC2B18229300585AE7 /* StopWatchViewModel.swift */ = {isa = PBXFileReference; lastKnownFileType = sourcecode.swift; path = StopWatchViewModel.swift; sourceTree = "<group>"; };
		D140D8FF2B18259300585AE7 /* BaseViewController.swift */ = {isa = PBXFileReference; lastKnownFileType = sourcecode.swift; path = BaseViewController.swift; sourceTree = "<group>"; };
		D140D9012B1826B600585AE7 /* MinGaGymKitStopWatch.swift */ = {isa = PBXFileReference; lastKnownFileType = sourcecode.swift; path = MinGaGymKitStopWatch.swift; sourceTree = "<group>"; };
		D17FE9A42B16203800B8DC1F /* iOS_Study.app */ = {isa = PBXFileReference; explicitFileType = wrapper.application; includeInIndex = 0; path = iOS_Study.app; sourceTree = BUILT_PRODUCTS_DIR; };
		D17FE9A72B16203800B8DC1F /* AppDelegate.swift */ = {isa = PBXFileReference; lastKnownFileType = sourcecode.swift; path = AppDelegate.swift; sourceTree = "<group>"; };
		D17FE9A92B16203800B8DC1F /* SceneDelegate.swift */ = {isa = PBXFileReference; lastKnownFileType = sourcecode.swift; path = SceneDelegate.swift; sourceTree = "<group>"; };
		D17FE9AB2B16203800B8DC1F /* StopWatchViewController.swift */ = {isa = PBXFileReference; lastKnownFileType = sourcecode.swift; path = StopWatchViewController.swift; sourceTree = "<group>"; };
		D17FE9B02B16203A00B8DC1F /* Assets.xcassets */ = {isa = PBXFileReference; lastKnownFileType = folder.assetcatalog; path = Assets.xcassets; sourceTree = "<group>"; };
		D17FE9B32B16203A00B8DC1F /* Base */ = {isa = PBXFileReference; lastKnownFileType = file.storyboard; name = Base; path = Base.lproj/LaunchScreen.storyboard; sourceTree = "<group>"; };
		D17FE9B52B16203A00B8DC1F /* Info.plist */ = {isa = PBXFileReference; lastKnownFileType = text.plist.xml; path = Info.plist; sourceTree = "<group>"; };
/* End PBXFileReference section */

/* Begin PBXFrameworksBuildPhase section */
		D17FE9A12B16203800B8DC1F /* Frameworks */ = {
			isa = PBXFrameworksBuildPhase;
			buildActionMask = 2147483647;
			files = (
				D140D8F32B16B30200585AE7 /* RxRelay in Frameworks */,
				D140D8F12B16B30200585AE7 /* RxCocoa-Dynamic in Frameworks */,
				D140D8EF2B16B30200585AE7 /* RxCocoa in Frameworks */,
				D140D8F92B16B73D00585AE7 /* Then in Frameworks */,
				D140D8F52B16B72A00585AE7 /* SnapKit in Frameworks */,
				D140D8EB2B16B30200585AE7 /* RxBlocking in Frameworks */,
				D140D8F72B16B72A00585AE7 /* SnapKit-Dynamic in Frameworks */,
				D140D8ED2B16B30200585AE7 /* RxBlocking-Dynamic in Frameworks */,
			);
			runOnlyForDeploymentPostprocessing = 0;
		};
/* End PBXFrameworksBuildPhase section */

/* Begin PBXGroup section */
		D140D8DF2B16274900585AE7 /* Scence */ = {
			isa = PBXGroup;
			children = (
				D140D8FA2B18226F00585AE7 /* StopWatch */,
			);
			path = Scence;
			sourceTree = "<group>";
		};
		D140D8E02B16275700585AE7 /* Base */ = {
			isa = PBXGroup;
			children = (
				D140D8FF2B18259300585AE7 /* BaseViewController.swift */,
			);
			path = Base;
			sourceTree = "<group>";
		};
		D140D8E12B16276C00585AE7 /* Component */ = {
			isa = PBXGroup;
			children = (
				D140D8E52B16B1DE00585AE7 /* TextField */,
			);
			path = Component;
			sourceTree = "<group>";
		};
		D140D8E52B16B1DE00585AE7 /* TextField */ = {
			isa = PBXGroup;
			children = (
				D140D8E62B16B20200585AE7 /* CustomTF.swift */,
				D140D8E82B16B23700585AE7 /* textFieldErrorType.swift */,
			);
			path = TextField;
			sourceTree = "<group>";
		};
		D140D8FA2B18226F00585AE7 /* StopWatch */ = {
			isa = PBXGroup;
			children = (
				D17FE9AB2B16203800B8DC1F /* StopWatchViewController.swift */,
				D140D8FC2B18229300585AE7 /* StopWatchViewModel.swift */,
				D140D9012B1826B600585AE7 /* MinGaGymKitStopWatch.swift */,
			);
			path = StopWatch;
			sourceTree = "<group>";
		};
		D17FE99B2B16203800B8DC1F = {
			isa = PBXGroup;
			children = (
				D17FE9A62B16203800B8DC1F /* iOS_Study */,
				D17FE9A52B16203800B8DC1F /* Products */,
			);
			sourceTree = "<group>";
		};
		D17FE9A52B16203800B8DC1F /* Products */ = {
			isa = PBXGroup;
			children = (
				D17FE9A42B16203800B8DC1F /* iOS_Study.app */,
			);
			name = Products;
			sourceTree = "<group>";
		};
		D17FE9A62B16203800B8DC1F /* iOS_Study */ = {
			isa = PBXGroup;
			children = (
				D17FE9E12B16233100B8DC1F /* Resources */,
				D17FE9E22B16234D00B8DC1F /* Sources */,
				D17FE9B52B16203A00B8DC1F /* Info.plist */,
			);
			path = iOS_Study;
			sourceTree = "<group>";
		};
		D17FE9E12B16233100B8DC1F /* Resources */ = {
			isa = PBXGroup;
			children = (
				D17FE9A72B16203800B8DC1F /* AppDelegate.swift */,
				D17FE9A92B16203800B8DC1F /* SceneDelegate.swift */,
				D17FE9B02B16203A00B8DC1F /* Assets.xcassets */,
				D17FE9B22B16203A00B8DC1F /* LaunchScreen.storyboard */,
			);
			path = Resources;
			sourceTree = "<group>";
		};
		D17FE9E22B16234D00B8DC1F /* Sources */ = {
			isa = PBXGroup;
			children = (
				D140D8E12B16276C00585AE7 /* Component */,
				D140D8E02B16275700585AE7 /* Base */,
				D140D8DF2B16274900585AE7 /* Scence */,
			);
			path = Sources;
			sourceTree = "<group>";
		};
/* End PBXGroup section */

/* Begin PBXNativeTarget section */
		D17FE9A32B16203800B8DC1F /* iOS_Study */ = {
			isa = PBXNativeTarget;
			buildConfigurationList = D17FE9B82B16203A00B8DC1F /* Build configuration list for PBXNativeTarget "iOS_Study" */;
			buildPhases = (
				D17FE9A02B16203800B8DC1F /* Sources */,
				D17FE9A12B16203800B8DC1F /* Frameworks */,
				D17FE9A22B16203800B8DC1F /* Resources */,
			);
			buildRules = (
			);
			dependencies = (
			);
			name = iOS_Study;
			packageProductDependencies = (
				D140D8EA2B16B30200585AE7 /* RxBlocking */,
				D140D8EC2B16B30200585AE7 /* RxBlocking-Dynamic */,
				D140D8EE2B16B30200585AE7 /* RxCocoa */,
				D140D8F02B16B30200585AE7 /* RxCocoa-Dynamic */,
				D140D8F22B16B30200585AE7 /* RxRelay */,
				D140D8F42B16B72A00585AE7 /* SnapKit */,
				D140D8F62B16B72A00585AE7 /* SnapKit-Dynamic */,
				D140D8F82B16B73D00585AE7 /* Then */,
			);
			productName = iOS_Study;
			productReference = D17FE9A42B16203800B8DC1F /* iOS_Study.app */;
			productType = "com.apple.product-type.application";
		};
/* End PBXNativeTarget section */

/* Begin PBXProject section */
		D17FE99C2B16203800B8DC1F /* Project object */ = {
			isa = PBXProject;
			attributes = {
				BuildIndependentTargetsInParallel = 1;
				LastSwiftUpdateCheck = 1500;
				LastUpgradeCheck = 1500;
				TargetAttributes = {
					D17FE9A32B16203800B8DC1F = {
						CreatedOnToolsVersion = 15.0;
					};
				};
			};
			buildConfigurationList = D17FE99F2B16203800B8DC1F /* Build configuration list for PBXProject "iOS_Study" */;
			compatibilityVersion = "Xcode 14.0";
			developmentRegion = en;
			hasScannedForEncodings = 0;
			knownRegions = (
				en,
				Base,
			);
			mainGroup = D17FE99B2B16203800B8DC1F;
			packageReferences = (
				D17FE9BB2B16226D00B8DC1F /* XCRemoteSwiftPackageReference "RxSwift" */,
				D17FE9D02B16227900B8DC1F /* XCRemoteSwiftPackageReference "Then" */,
				D17FE9D32B16228500B8DC1F /* XCRemoteSwiftPackageReference "SnapKit" */,
				D17FE9D82B16229A00B8DC1F /* XCRemoteSwiftPackageReference "Moya" */,
			);
			productRefGroup = D17FE9A52B16203800B8DC1F /* Products */;
			projectDirPath = "";
			projectRoot = "";
			targets = (
				D17FE9A32B16203800B8DC1F /* iOS_Study */,
			);
		};
/* End PBXProject section */

/* Begin PBXResourcesBuildPhase section */
		D17FE9A22B16203800B8DC1F /* Resources */ = {
			isa = PBXResourcesBuildPhase;
			buildActionMask = 2147483647;
			files = (
				D17FE9B42B16203A00B8DC1F /* LaunchScreen.storyboard in Resources */,
				D17FE9B12B16203A00B8DC1F /* Assets.xcassets in Resources */,
			);
			runOnlyForDeploymentPostprocessing = 0;
		};
/* End PBXResourcesBuildPhase section */

/* Begin PBXSourcesBuildPhase section */
		D17FE9A02B16203800B8DC1F /* Sources */ = {
			isa = PBXSourcesBuildPhase;
			buildActionMask = 2147483647;
			files = (
				D140D8FD2B18229300585AE7 /* StopWatchViewModel.swift in Sources */,
				D140D8E92B16B23700585AE7 /* textFieldErrorType.swift in Sources */,
				D17FE9AC2B16203800B8DC1F /* StopWatchViewController.swift in Sources */,
				D140D9022B1826B600585AE7 /* MinGaGymKitStopWatch.swift in Sources */,
				D17FE9A82B16203800B8DC1F /* AppDelegate.swift in Sources */,
				D140D8E72B16B20200585AE7 /* CustomTF.swift in Sources */,
				D140D9002B18259300585AE7 /* BaseViewController.swift in Sources */,
				D17FE9AA2B16203800B8DC1F /* SceneDelegate.swift in Sources */,
			);
			runOnlyForDeploymentPostprocessing = 0;
		};
/* End PBXSourcesBuildPhase section */

/* Begin PBXVariantGroup section */
		D17FE9B22B16203A00B8DC1F /* LaunchScreen.storyboard */ = {
			isa = PBXVariantGroup;
			children = (
				D17FE9B32B16203A00B8DC1F /* Base */,
			);
			name = LaunchScreen.storyboard;
			sourceTree = "<group>";
		};
/* End PBXVariantGroup section */

/* Begin XCBuildConfiguration section */
		D17FE9B62B16203A00B8DC1F /* Debug */ = {
			isa = XCBuildConfiguration;
			buildSettings = {
				ALWAYS_SEARCH_USER_PATHS = NO;
				ASSETCATALOG_COMPILER_GENERATE_SWIFT_ASSET_SYMBOL_EXTENSIONS = YES;
				CLANG_ANALYZER_NONNULL = YES;
				CLANG_ANALYZER_NUMBER_OBJECT_CONVERSION = YES_AGGRESSIVE;
				CLANG_CXX_LANGUAGE_STANDARD = "gnu++20";
				CLANG_ENABLE_MODULES = YES;
				CLANG_ENABLE_OBJC_ARC = YES;
				CLANG_ENABLE_OBJC_WEAK = YES;
				CLANG_WARN_BLOCK_CAPTURE_AUTORELEASING = YES;
				CLANG_WARN_BOOL_CONVERSION = YES;
				CLANG_WARN_COMMA = YES;
				CLANG_WARN_CONSTANT_CONVERSION = YES;
				CLANG_WARN_DEPRECATED_OBJC_IMPLEMENTATIONS = YES;
				CLANG_WARN_DIRECT_OBJC_ISA_USAGE = YES_ERROR;
				CLANG_WARN_DOCUMENTATION_COMMENTS = YES;
				CLANG_WARN_EMPTY_BODY = YES;
				CLANG_WARN_ENUM_CONVERSION = YES;
				CLANG_WARN_INFINITE_RECURSION = YES;
				CLANG_WARN_INT_CONVERSION = YES;
				CLANG_WARN_NON_LITERAL_NULL_CONVERSION = YES;
				CLANG_WARN_OBJC_IMPLICIT_RETAIN_SELF = YES;
				CLANG_WARN_OBJC_LITERAL_CONVERSION = YES;
				CLANG_WARN_OBJC_ROOT_CLASS = YES_ERROR;
				CLANG_WARN_QUOTED_INCLUDE_IN_FRAMEWORK_HEADER = YES;
				CLANG_WARN_RANGE_LOOP_ANALYSIS = YES;
				CLANG_WARN_STRICT_PROTOTYPES = YES;
				CLANG_WARN_SUSPICIOUS_MOVE = YES;
				CLANG_WARN_UNGUARDED_AVAILABILITY = YES_AGGRESSIVE;
				CLANG_WARN_UNREACHABLE_CODE = YES;
				CLANG_WARN__DUPLICATE_METHOD_MATCH = YES;
				COPY_PHASE_STRIP = NO;
				DEBUG_INFORMATION_FORMAT = dwarf;
				ENABLE_STRICT_OBJC_MSGSEND = YES;
				ENABLE_TESTABILITY = YES;
				ENABLE_USER_SCRIPT_SANDBOXING = YES;
				GCC_C_LANGUAGE_STANDARD = gnu17;
				GCC_DYNAMIC_NO_PIC = NO;
				GCC_NO_COMMON_BLOCKS = YES;
				GCC_OPTIMIZATION_LEVEL = 0;
				GCC_PREPROCESSOR_DEFINITIONS = (
					"DEBUG=1",
					"$(inherited)",
				);
				GCC_WARN_64_TO_32_BIT_CONVERSION = YES;
				GCC_WARN_ABOUT_RETURN_TYPE = YES_ERROR;
				GCC_WARN_UNDECLARED_SELECTOR = YES;
				GCC_WARN_UNINITIALIZED_AUTOS = YES_AGGRESSIVE;
				GCC_WARN_UNUSED_FUNCTION = YES;
				GCC_WARN_UNUSED_VARIABLE = YES;
				IPHONEOS_DEPLOYMENT_TARGET = 17.0;
				LOCALIZATION_PREFERS_STRING_CATALOGS = YES;
				MTL_ENABLE_DEBUG_INFO = INCLUDE_SOURCE;
				MTL_FAST_MATH = YES;
				ONLY_ACTIVE_ARCH = YES;
				SDKROOT = iphoneos;
				SWIFT_ACTIVE_COMPILATION_CONDITIONS = "DEBUG $(inherited)";
				SWIFT_OPTIMIZATION_LEVEL = "-Onone";
			};
			name = Debug;
		};
		D17FE9B72B16203A00B8DC1F /* Release */ = {
			isa = XCBuildConfiguration;
			buildSettings = {
				ALWAYS_SEARCH_USER_PATHS = NO;
				ASSETCATALOG_COMPILER_GENERATE_SWIFT_ASSET_SYMBOL_EXTENSIONS = YES;
				CLANG_ANALYZER_NONNULL = YES;
				CLANG_ANALYZER_NUMBER_OBJECT_CONVERSION = YES_AGGRESSIVE;
				CLANG_CXX_LANGUAGE_STANDARD = "gnu++20";
				CLANG_ENABLE_MODULES = YES;
				CLANG_ENABLE_OBJC_ARC = YES;
				CLANG_ENABLE_OBJC_WEAK = YES;
				CLANG_WARN_BLOCK_CAPTURE_AUTORELEASING = YES;
				CLANG_WARN_BOOL_CONVERSION = YES;
				CLANG_WARN_COMMA = YES;
				CLANG_WARN_CONSTANT_CONVERSION = YES;
				CLANG_WARN_DEPRECATED_OBJC_IMPLEMENTATIONS = YES;
				CLANG_WARN_DIRECT_OBJC_ISA_USAGE = YES_ERROR;
				CLANG_WARN_DOCUMENTATION_COMMENTS = YES;
				CLANG_WARN_EMPTY_BODY = YES;
				CLANG_WARN_ENUM_CONVERSION = YES;
				CLANG_WARN_INFINITE_RECURSION = YES;
				CLANG_WARN_INT_CONVERSION = YES;
				CLANG_WARN_NON_LITERAL_NULL_CONVERSION = YES;
				CLANG_WARN_OBJC_IMPLICIT_RETAIN_SELF = YES;
				CLANG_WARN_OBJC_LITERAL_CONVERSION = YES;
				CLANG_WARN_OBJC_ROOT_CLASS = YES_ERROR;
				CLANG_WARN_QUOTED_INCLUDE_IN_FRAMEWORK_HEADER = YES;
				CLANG_WARN_RANGE_LOOP_ANALYSIS = YES;
				CLANG_WARN_STRICT_PROTOTYPES = YES;
				CLANG_WARN_SUSPICIOUS_MOVE = YES;
				CLANG_WARN_UNGUARDED_AVAILABILITY = YES_AGGRESSIVE;
				CLANG_WARN_UNREACHABLE_CODE = YES;
				CLANG_WARN__DUPLICATE_METHOD_MATCH = YES;
				COPY_PHASE_STRIP = NO;
				DEBUG_INFORMATION_FORMAT = "dwarf-with-dsym";
				ENABLE_NS_ASSERTIONS = NO;
				ENABLE_STRICT_OBJC_MSGSEND = YES;
				ENABLE_USER_SCRIPT_SANDBOXING = YES;
				GCC_C_LANGUAGE_STANDARD = gnu17;
				GCC_NO_COMMON_BLOCKS = YES;
				GCC_WARN_64_TO_32_BIT_CONVERSION = YES;
				GCC_WARN_ABOUT_RETURN_TYPE = YES_ERROR;
				GCC_WARN_UNDECLARED_SELECTOR = YES;
				GCC_WARN_UNINITIALIZED_AUTOS = YES_AGGRESSIVE;
				GCC_WARN_UNUSED_FUNCTION = YES;
				GCC_WARN_UNUSED_VARIABLE = YES;
				IPHONEOS_DEPLOYMENT_TARGET = 17.0;
				LOCALIZATION_PREFERS_STRING_CATALOGS = YES;
				MTL_ENABLE_DEBUG_INFO = NO;
				MTL_FAST_MATH = YES;
				SDKROOT = iphoneos;
				SWIFT_COMPILATION_MODE = wholemodule;
				VALIDATE_PRODUCT = YES;
			};
			name = Release;
		};
		D17FE9B92B16203A00B8DC1F /* Debug */ = {
			isa = XCBuildConfiguration;
			buildSettings = {
				ASSETCATALOG_COMPILER_APPICON_NAME = AppIcon;
				ASSETCATALOG_COMPILER_GLOBAL_ACCENT_COLOR_NAME = AccentColor;
				CODE_SIGN_STYLE = Automatic;
				CURRENT_PROJECT_VERSION = 1;
				GENERATE_INFOPLIST_FILE = YES;
				INFOPLIST_FILE = iOS_Study/Info.plist;
				INFOPLIST_KEY_UIApplicationSupportsIndirectInputEvents = YES;
				INFOPLIST_KEY_UILaunchStoryboardName = LaunchScreen;
				INFOPLIST_KEY_UIMainStoryboardFile = "";
				INFOPLIST_KEY_UISupportedInterfaceOrientations_iPad = "UIInterfaceOrientationPortrait UIInterfaceOrientationPortraitUpsideDown UIInterfaceOrientationLandscapeLeft UIInterfaceOrientationLandscapeRight";
				INFOPLIST_KEY_UISupportedInterfaceOrientations_iPhone = "UIInterfaceOrientationPortrait UIInterfaceOrientationLandscapeLeft UIInterfaceOrientationLandscapeRight";
				LD_RUNPATH_SEARCH_PATHS = (
					"$(inherited)",
					"@executable_path/Frameworks",
				);
				MARKETING_VERSION = 1.0;
				PRODUCT_BUNDLE_IDENTIFIER = "com.iOS-Study";
				PRODUCT_NAME = "$(TARGET_NAME)";
				SWIFT_EMIT_LOC_STRINGS = YES;
				SWIFT_VERSION = 5.0;
				TARGETED_DEVICE_FAMILY = "1,2";
			};
			name = Debug;
		};
		D17FE9BA2B16203A00B8DC1F /* Release */ = {
			isa = XCBuildConfiguration;
			buildSettings = {
				ASSETCATALOG_COMPILER_APPICON_NAME = AppIcon;
				ASSETCATALOG_COMPILER_GLOBAL_ACCENT_COLOR_NAME = AccentColor;
				CODE_SIGN_STYLE = Automatic;
				CURRENT_PROJECT_VERSION = 1;
				GENERATE_INFOPLIST_FILE = YES;
				INFOPLIST_FILE = iOS_Study/Info.plist;
				INFOPLIST_KEY_UIApplicationSupportsIndirectInputEvents = YES;
				INFOPLIST_KEY_UILaunchStoryboardName = LaunchScreen;
				INFOPLIST_KEY_UIMainStoryboardFile = "";
				INFOPLIST_KEY_UISupportedInterfaceOrientations_iPad = "UIInterfaceOrientationPortrait UIInterfaceOrientationPortraitUpsideDown UIInterfaceOrientationLandscapeLeft UIInterfaceOrientationLandscapeRight";
				INFOPLIST_KEY_UISupportedInterfaceOrientations_iPhone = "UIInterfaceOrientationPortrait UIInterfaceOrientationLandscapeLeft UIInterfaceOrientationLandscapeRight";
				LD_RUNPATH_SEARCH_PATHS = (
					"$(inherited)",
					"@executable_path/Frameworks",
				);
				MARKETING_VERSION = 1.0;
				PRODUCT_BUNDLE_IDENTIFIER = "com.iOS-Study";
				PRODUCT_NAME = "$(TARGET_NAME)";
				SWIFT_EMIT_LOC_STRINGS = YES;
				SWIFT_VERSION = 5.0;
				TARGETED_DEVICE_FAMILY = "1,2";
			};
			name = Release;
		};
/* End XCBuildConfiguration section */

/* Begin XCConfigurationList section */
		D17FE99F2B16203800B8DC1F /* Build configuration list for PBXProject "iOS_Study" */ = {
			isa = XCConfigurationList;
			buildConfigurations = (
				D17FE9B62B16203A00B8DC1F /* Debug */,
				D17FE9B72B16203A00B8DC1F /* Release */,
			);
			defaultConfigurationIsVisible = 0;
			defaultConfigurationName = Release;
		};
		D17FE9B82B16203A00B8DC1F /* Build configuration list for PBXNativeTarget "iOS_Study" */ = {
			isa = XCConfigurationList;
			buildConfigurations = (
				D17FE9B92B16203A00B8DC1F /* Debug */,
				D17FE9BA2B16203A00B8DC1F /* Release */,
			);
			defaultConfigurationIsVisible = 0;
			defaultConfigurationName = Release;
		};
/* End XCConfigurationList section */

/* Begin XCRemoteSwiftPackageReference section */
		D17FE9BB2B16226D00B8DC1F /* XCRemoteSwiftPackageReference "RxSwift" */ = {
			isa = XCRemoteSwiftPackageReference;
			repositoryURL = "https://github.com/ReactiveX/RxSwift.git";
			requirement = {
				kind = upToNextMajorVersion;
				minimumVersion = 6.6.0;
			};
		};
		D17FE9D02B16227900B8DC1F /* XCRemoteSwiftPackageReference "Then" */ = {
			isa = XCRemoteSwiftPackageReference;
			repositoryURL = "https://github.com/devxoul/Then";
			requirement = {
				kind = upToNextMajorVersion;
				minimumVersion = 3.0.0;
			};
		};
		D17FE9D32B16228500B8DC1F /* XCRemoteSwiftPackageReference "SnapKit" */ = {
			isa = XCRemoteSwiftPackageReference;
			repositoryURL = "https://github.com/SnapKit/SnapKit";
			requirement = {
				kind = upToNextMajorVersion;
				minimumVersion = 5.6.0;
			};
		};
		D17FE9D82B16229A00B8DC1F /* XCRemoteSwiftPackageReference "Moya" */ = {
			isa = XCRemoteSwiftPackageReference;
			repositoryURL = "https://github.com/Moya/Moya";
			requirement = {
				kind = upToNextMajorVersion;
				minimumVersion = 15.0.3;
			};
		};
/* End XCRemoteSwiftPackageReference section */

/* Begin XCSwiftPackageProductDependency section */
		D140D8EA2B16B30200585AE7 /* RxBlocking */ = {
			isa = XCSwiftPackageProductDependency;
			productName = RxBlocking;
		};
		D140D8EC2B16B30200585AE7 /* RxBlocking-Dynamic */ = {
			isa = XCSwiftPackageProductDependency;
			productName = "RxBlocking-Dynamic";
		};
		D140D8EE2B16B30200585AE7 /* RxCocoa */ = {
			isa = XCSwiftPackageProductDependency;
			productName = RxCocoa;
		};
		D140D8F02B16B30200585AE7 /* RxCocoa-Dynamic */ = {
			isa = XCSwiftPackageProductDependency;
			productName = "RxCocoa-Dynamic";
		};
		D140D8F22B16B30200585AE7 /* RxRelay */ = {
			isa = XCSwiftPackageProductDependency;
			productName = RxRelay;
		};
		D140D8F42B16B72A00585AE7 /* SnapKit */ = {
			isa = XCSwiftPackageProductDependency;
			package = D17FE9D32B16228500B8DC1F /* XCRemoteSwiftPackageReference "SnapKit" */;
			productName = SnapKit;
		};
		D140D8F62B16B72A00585AE7 /* SnapKit-Dynamic */ = {
			isa = XCSwiftPackageProductDependency;
			package = D17FE9D32B16228500B8DC1F /* XCRemoteSwiftPackageReference "SnapKit" */;
			productName = "SnapKit-Dynamic";
		};
		D140D8F82B16B73D00585AE7 /* Then */ = {
			isa = XCSwiftPackageProductDependency;
			package = D17FE9D02B16227900B8DC1F /* XCRemoteSwiftPackageReference "Then" */;
			productName = Then;
		};
/* End XCSwiftPackageProductDependency section */
	};
	rootObject = D17FE99C2B16203800B8DC1F /* Project object */;
}
