// !$*UTF8*$!
{
	archiveVersion = 1;
	classes = {
	};
	objectVersion = 56;
	objects = {

/* Begin PBXBuildFile section */
		D1FC5D662B1DDEE7005D948E /* main.swift in Sources */ = {isa = PBXBuildFile; fileRef = D1FC5D652B1DDEE7005D948E /* main.swift */; };
		D1FC5D6E2B1DDF00005D948E /* RxBlocking in Frameworks */ = {isa = PBXBuildFile; productRef = D1FC5D6D2B1DDF00005D948E /* RxBlocking */; };
		D1FC5D702B1DDF00005D948E /* RxBlocking-Dynamic in Frameworks */ = {isa = PBXBuildFile; productRef = D1FC5D6F2B1DDF00005D948E /* RxBlocking-Dynamic */; };
		D1FC5D722B1DDF00005D948E /* RxCocoa in Frameworks */ = {isa = PBXBuildFile; productRef = D1FC5D712B1DDF00005D948E /* RxCocoa */; };
		D1FC5D742B1DDF00005D948E /* RxCocoa-Dynamic in Frameworks */ = {isa = PBXBuildFile; productRef = D1FC5D732B1DDF00005D948E /* RxCocoa-Dynamic */; };
		D1FC5D762B1DDF00005D948E /* RxRelay in Frameworks */ = {isa = PBXBuildFile; productRef = D1FC5D752B1DDF00005D948E /* RxRelay */; };
/* End PBXBuildFile section */

/* Begin PBXCopyFilesBuildPhase section */
		D1FC5D602B1DDEE7005D948E /* CopyFiles */ = {
			isa = PBXCopyFilesBuildPhase;
			buildActionMask = 2147483647;
			dstPath = /usr/share/man/man1/;
			dstSubfolderSpec = 0;
			files = (
			);
			runOnlyForDeploymentPostprocessing = 1;
		};
/* End PBXCopyFilesBuildPhase section */

/* Begin PBXFileReference section */
		D1FC5D622B1DDEE7005D948E /* RxSwift_Study */ = {isa = PBXFileReference; explicitFileType = "compiled.mach-o.executable"; includeInIndex = 0; path = RxSwift_Study; sourceTree = BUILT_PRODUCTS_DIR; };
		D1FC5D652B1DDEE7005D948E /* main.swift */ = {isa = PBXFileReference; lastKnownFileType = sourcecode.swift; path = main.swift; sourceTree = "<group>"; };
/* End PBXFileReference section */

/* Begin PBXFrameworksBuildPhase section */
		D1FC5D5F2B1DDEE7005D948E /* Frameworks */ = {
			isa = PBXFrameworksBuildPhase;
			buildActionMask = 2147483647;
			files = (
				D1FC5D762B1DDF00005D948E /* RxRelay in Frameworks */,
				D1FC5D742B1DDF00005D948E /* RxCocoa-Dynamic in Frameworks */,
				D1FC5D722B1DDF00005D948E /* RxCocoa in Frameworks */,
				D1FC5D6E2B1DDF00005D948E /* RxBlocking in Frameworks */,
				D1FC5D702B1DDF00005D948E /* RxBlocking-Dynamic in Frameworks */,
			);
			runOnlyForDeploymentPostprocessing = 0;
		};
/* End PBXFrameworksBuildPhase section */

/* Begin PBXGroup section */
		D1FC5D592B1DDEE7005D948E = {
			isa = PBXGroup;
			children = (
				D1FC5D642B1DDEE7005D948E /* RxSwift_Study */,
				D1FC5D632B1DDEE7005D948E /* Products */,
			);
			sourceTree = "<group>";
		};
		D1FC5D632B1DDEE7005D948E /* Products */ = {
			isa = PBXGroup;
			children = (
				D1FC5D622B1DDEE7005D948E /* RxSwift_Study */,
			);
			name = Products;
			sourceTree = "<group>";
		};
		D1FC5D642B1DDEE7005D948E /* RxSwift_Study */ = {
			isa = PBXGroup;
			children = (
				D1FC5D652B1DDEE7005D948E /* main.swift */,
			);
			path = RxSwift_Study;
			sourceTree = "<group>";
		};
/* End PBXGroup section */

/* Begin PBXNativeTarget section */
		D1FC5D612B1DDEE7005D948E /* RxSwift_Study */ = {
			isa = PBXNativeTarget;
			buildConfigurationList = D1FC5D692B1DDEE7005D948E /* Build configuration list for PBXNativeTarget "RxSwift_Study" */;
			buildPhases = (
				D1FC5D5E2B1DDEE7005D948E /* Sources */,
				D1FC5D5F2B1DDEE7005D948E /* Frameworks */,
				D1FC5D602B1DDEE7005D948E /* CopyFiles */,
			);
			buildRules = (
			);
			dependencies = (
			);
			name = RxSwift_Study;
			packageProductDependencies = (
				D1FC5D6D2B1DDF00005D948E /* RxBlocking */,
				D1FC5D6F2B1DDF00005D948E /* RxBlocking-Dynamic */,
				D1FC5D712B1DDF00005D948E /* RxCocoa */,
				D1FC5D732B1DDF00005D948E /* RxCocoa-Dynamic */,
				D1FC5D752B1DDF00005D948E /* RxRelay */,
			);
			productName = RxSwift_Study;
			productReference = D1FC5D622B1DDEE7005D948E /* RxSwift_Study */;
			productType = "com.apple.product-type.tool";
		};
/* End PBXNativeTarget section */

/* Begin PBXProject section */
		D1FC5D5A2B1DDEE7005D948E /* Project object */ = {
			isa = PBXProject;
			attributes = {
				BuildIndependentTargetsInParallel = 1;
				LastSwiftUpdateCheck = 1500;
				LastUpgradeCheck = 1500;
				TargetAttributes = {
					D1FC5D612B1DDEE7005D948E = {
						CreatedOnToolsVersion = 15.0;
					};
				};
			};
			buildConfigurationList = D1FC5D5D2B1DDEE7005D948E /* Build configuration list for PBXProject "RxSwift_Study" */;
			compatibilityVersion = "Xcode 14.0";
			developmentRegion = en;
			hasScannedForEncodings = 0;
			knownRegions = (
				en,
				Base,
			);
			mainGroup = D1FC5D592B1DDEE7005D948E;
			packageReferences = (
				D1FC5D6C2B1DDF00005D948E /* XCRemoteSwiftPackageReference "RxSwift" */,
			);
			productRefGroup = D1FC5D632B1DDEE7005D948E /* Products */;
			projectDirPath = "";
			projectRoot = "";
			targets = (
				D1FC5D612B1DDEE7005D948E /* RxSwift_Study */,
			);
		};
/* End PBXProject section */

/* Begin PBXSourcesBuildPhase section */
		D1FC5D5E2B1DDEE7005D948E /* Sources */ = {
			isa = PBXSourcesBuildPhase;
			buildActionMask = 2147483647;
			files = (
				D1FC5D662B1DDEE7005D948E /* main.swift in Sources */,
			);
			runOnlyForDeploymentPostprocessing = 0;
		};
/* End PBXSourcesBuildPhase section */

/* Begin XCBuildConfiguration section */
		D1FC5D672B1DDEE7005D948E /* Debug */ = {
			isa = XCBuildConfiguration;
			buildSettings = {
				ALWAYS_SEARCH_USER_PATHS = NO;
				ASSETCATALOG_COMPILER_GENERATE_SWIFT_ASSET_SYMBOL_EXTENSIONS = YES;
				CLANG_ANALYZER_NONNULL = YES;
				CLANG_ANALYZER_NUMBER_OBJECT_CONVERSION = YES_AGGRESSIVE;
				CLANG_CXX_LANGUAGE_STANDARD = "gnu++20";
				CLANG_ENABLE_MODULES = YES;
				CLANG_ENABLE_OBJC_ARC = YES;
				CLANG_ENABLE_OBJC_WEAK = YES;
				CLANG_WARN_BLOCK_CAPTURE_AUTORELEASING = YES;
				CLANG_WARN_BOOL_CONVERSION = YES;
				CLANG_WARN_COMMA = YES;
				CLANG_WARN_CONSTANT_CONVERSION = YES;
				CLANG_WARN_DEPRECATED_OBJC_IMPLEMENTATIONS = YES;
				CLANG_WARN_DIRECT_OBJC_ISA_USAGE = YES_ERROR;
				CLANG_WARN_DOCUMENTATION_COMMENTS = YES;
				CLANG_WARN_EMPTY_BODY = YES;
				CLANG_WARN_ENUM_CONVERSION = YES;
				CLANG_WARN_INFINITE_RECURSION = YES;
				CLANG_WARN_INT_CONVERSION = YES;
				CLANG_WARN_NON_LITERAL_NULL_CONVERSION = YES;
				CLANG_WARN_OBJC_IMPLICIT_RETAIN_SELF = YES;
				CLANG_WARN_OBJC_LITERAL_CONVERSION = YES;
				CLANG_WARN_OBJC_ROOT_CLASS = YES_ERROR;
				CLANG_WARN_QUOTED_INCLUDE_IN_FRAMEWORK_HEADER = YES;
				CLANG_WARN_RANGE_LOOP_ANALYSIS = YES;
				CLANG_WARN_STRICT_PROTOTYPES = YES;
				CLANG_WARN_SUSPICIOUS_MOVE = YES;
				CLANG_WARN_UNGUARDED_AVAILABILITY = YES_AGGRESSIVE;
				CLANG_WARN_UNREACHABLE_CODE = YES;
				CLANG_WARN__DUPLICATE_METHOD_MATCH = YES;
				COPY_PHASE_STRIP = NO;
				DEBUG_INFORMATION_FORMAT = dwarf;
				ENABLE_STRICT_OBJC_MSGSEND = YES;
				ENABLE_TESTABILITY = YES;
				ENABLE_USER_SCRIPT_SANDBOXING = YES;
				GCC_C_LANGUAGE_STANDARD = gnu17;
				GCC_DYNAMIC_NO_PIC = NO;
				GCC_NO_COMMON_BLOCKS = YES;
				GCC_OPTIMIZATION_LEVEL = 0;
				GCC_PREPROCESSOR_DEFINITIONS = (
					"DEBUG=1",
					"$(inherited)",
				);
				GCC_WARN_64_TO_32_BIT_CONVERSION = YES;
				GCC_WARN_ABOUT_RETURN_TYPE = YES_ERROR;
				GCC_WARN_UNDECLARED_SELECTOR = YES;
				GCC_WARN_UNINITIALIZED_AUTOS = YES_AGGRESSIVE;
				GCC_WARN_UNUSED_FUNCTION = YES;
				GCC_WARN_UNUSED_VARIABLE = YES;
				LOCALIZATION_PREFERS_STRING_CATALOGS = YES;
				MACOSX_DEPLOYMENT_TARGET = 14.0;
				MTL_ENABLE_DEBUG_INFO = INCLUDE_SOURCE;
				MTL_FAST_MATH = YES;
				ONLY_ACTIVE_ARCH = YES;
				SDKROOT = macosx;
				SWIFT_ACTIVE_COMPILATION_CONDITIONS = "DEBUG $(inherited)";
				SWIFT_OPTIMIZATION_LEVEL = "-Onone";
			};
			name = Debug;
		};
		D1FC5D682B1DDEE7005D948E /* Release */ = {
			isa = XCBuildConfiguration;
			buildSettings = {
				ALWAYS_SEARCH_USER_PATHS = NO;
				ASSETCATALOG_COMPILER_GENERATE_SWIFT_ASSET_SYMBOL_EXTENSIONS = YES;
				CLANG_ANALYZER_NONNULL = YES;
				CLANG_ANALYZER_NUMBER_OBJECT_CONVERSION = YES_AGGRESSIVE;
				CLANG_CXX_LANGUAGE_STANDARD = "gnu++20";
				CLANG_ENABLE_MODULES = YES;
				CLANG_ENABLE_OBJC_ARC = YES;
				CLANG_ENABLE_OBJC_WEAK = YES;
				CLANG_WARN_BLOCK_CAPTURE_AUTORELEASING = YES;
				CLANG_WARN_BOOL_CONVERSION = YES;
				CLANG_WARN_COMMA = YES;
				CLANG_WARN_CONSTANT_CONVERSION = YES;
				CLANG_WARN_DEPRECATED_OBJC_IMPLEMENTATIONS = YES;
				CLANG_WARN_DIRECT_OBJC_ISA_USAGE = YES_ERROR;
				CLANG_WARN_DOCUMENTATION_COMMENTS = YES;
				CLANG_WARN_EMPTY_BODY = YES;
				CLANG_WARN_ENUM_CONVERSION = YES;
				CLANG_WARN_INFINITE_RECURSION = YES;
				CLANG_WARN_INT_CONVERSION = YES;
				CLANG_WARN_NON_LITERAL_NULL_CONVERSION = YES;
				CLANG_WARN_OBJC_IMPLICIT_RETAIN_SELF = YES;
				CLANG_WARN_OBJC_LITERAL_CONVERSION = YES;
				CLANG_WARN_OBJC_ROOT_CLASS = YES_ERROR;
				CLANG_WARN_QUOTED_INCLUDE_IN_FRAMEWORK_HEADER = YES;
				CLANG_WARN_RANGE_LOOP_ANALYSIS = YES;
				CLANG_WARN_STRICT_PROTOTYPES = YES;
				CLANG_WARN_SUSPICIOUS_MOVE = YES;
				CLANG_WARN_UNGUARDED_AVAILABILITY = YES_AGGRESSIVE;
				CLANG_WARN_UNREACHABLE_CODE = YES;
				CLANG_WARN__DUPLICATE_METHOD_MATCH = YES;
				COPY_PHASE_STRIP = NO;
				DEBUG_INFORMATION_FORMAT = "dwarf-with-dsym";
				ENABLE_NS_ASSERTIONS = NO;
				ENABLE_STRICT_OBJC_MSGSEND = YES;
				ENABLE_USER_SCRIPT_SANDBOXING = YES;
				GCC_C_LANGUAGE_STANDARD = gnu17;
				GCC_NO_COMMON_BLOCKS = YES;
				GCC_WARN_64_TO_32_BIT_CONVERSION = YES;
				GCC_WARN_ABOUT_RETURN_TYPE = YES_ERROR;
				GCC_WARN_UNDECLARED_SELECTOR = YES;
				GCC_WARN_UNINITIALIZED_AUTOS = YES_AGGRESSIVE;
				GCC_WARN_UNUSED_FUNCTION = YES;
				GCC_WARN_UNUSED_VARIABLE = YES;
				LOCALIZATION_PREFERS_STRING_CATALOGS = YES;
				MACOSX_DEPLOYMENT_TARGET = 14.0;
				MTL_ENABLE_DEBUG_INFO = NO;
				MTL_FAST_MATH = YES;
				SDKROOT = macosx;
				SWIFT_COMPILATION_MODE = wholemodule;
			};
			name = Release;
		};
		D1FC5D6A2B1DDEE7005D948E /* Debug */ = {
			isa = XCBuildConfiguration;
			buildSettings = {
				CODE_SIGN_STYLE = Automatic;
				PRODUCT_NAME = "$(TARGET_NAME)";
				SWIFT_VERSION = 5.0;
			};
			name = Debug;
		};
		D1FC5D6B2B1DDEE7005D948E /* Release */ = {
			isa = XCBuildConfiguration;
			buildSettings = {
				CODE_SIGN_STYLE = Automatic;
				PRODUCT_NAME = "$(TARGET_NAME)";
				SWIFT_VERSION = 5.0;
			};
			name = Release;
		};
/* End XCBuildConfiguration section */

/* Begin XCConfigurationList section */
		D1FC5D5D2B1DDEE7005D948E /* Build configuration list for PBXProject "RxSwift_Study" */ = {
			isa = XCConfigurationList;
			buildConfigurations = (
				D1FC5D672B1DDEE7005D948E /* Debug */,
				D1FC5D682B1DDEE7005D948E /* Release */,
			);
			defaultConfigurationIsVisible = 0;
			defaultConfigurationName = Release;
		};
		D1FC5D692B1DDEE7005D948E /* Build configuration list for PBXNativeTarget "RxSwift_Study" */ = {
			isa = XCConfigurationList;
			buildConfigurations = (
				D1FC5D6A2B1DDEE7005D948E /* Debug */,
				D1FC5D6B2B1DDEE7005D948E /* Release */,
			);
			defaultConfigurationIsVisible = 0;
			defaultConfigurationName = Release;
		};
/* End XCConfigurationList section */

/* Begin XCRemoteSwiftPackageReference section */
		D1FC5D6C2B1DDF00005D948E /* XCRemoteSwiftPackageReference "RxSwift" */ = {
			isa = XCRemoteSwiftPackageReference;
			repositoryURL = "https://github.com/ReactiveX/RxSwift.git";
			requirement = {
				kind = upToNextMajorVersion;
				minimumVersion = 6.6.0;
			};
		};
/* End XCRemoteSwiftPackageReference section */

/* Begin XCSwiftPackageProductDependency section */
		D1FC5D6D2B1DDF00005D948E /* RxBlocking */ = {
			isa = XCSwiftPackageProductDependency;
			package = D1FC5D6C2B1DDF00005D948E /* XCRemoteSwiftPackageReference "RxSwift" */;
			productName = RxBlocking;
		};
		D1FC5D6F2B1DDF00005D948E /* RxBlocking-Dynamic */ = {
			isa = XCSwiftPackageProductDependency;
			package = D1FC5D6C2B1DDF00005D948E /* XCRemoteSwiftPackageReference "RxSwift" */;
			productName = "RxBlocking-Dynamic";
		};
		D1FC5D712B1DDF00005D948E /* RxCocoa */ = {
			isa = XCSwiftPackageProductDependency;
			package = D1FC5D6C2B1DDF00005D948E /* XCRemoteSwiftPackageReference "RxSwift" */;
			productName = RxCocoa;
		};
		D1FC5D732B1DDF00005D948E /* RxCocoa-Dynamic */ = {
			isa = XCSwiftPackageProductDependency;
			package = D1FC5D6C2B1DDF00005D948E /* XCRemoteSwiftPackageReference "RxSwift" */;
			productName = "RxCocoa-Dynamic";
		};
		D1FC5D752B1DDF00005D948E /* RxRelay */ = {
			isa = XCSwiftPackageProductDependency;
			package = D1FC5D6C2B1DDF00005D948E /* XCRemoteSwiftPackageReference "RxSwift" */;
			productName = RxRelay;
		};
/* End XCSwiftPackageProductDependency section */
	};
	rootObject = D1FC5D5A2B1DDEE7005D948E /* Project object */;
}
